
Microsoft Visual Studio Solution File, Format Version 12.00
# Visual Studio 15
VisualStudioVersion = 15.0.28010.2036
MinimumVisualStudioVersion = 10.0.40219.1
Project("{FAE04EC0-301F-11D3-BF4B-00C04F79EFBC}") = "XF.Ctrls.Android", "XF.Ctrls\XF.Ctrls.Android\XF.Ctrls.Android.csproj", "{7A2BA041-6115-4161-A7BD-8800760D4163}"
EndProject
Project("{FAE04EC0-301F-11D3-BF4B-00C04F79EFBC}") = "XF.Ctrls.iOS", "XF.Ctrls\XF.Ctrls.iOS\XF.Ctrls.iOS.csproj", "{B455F48B-7AD8-40F1-8F5C-8CD5817504FE}"
EndProject
Project("{FAE04EC0-301F-11D3-BF4B-00C04F79EFBC}") = "XF.Ctrls", "XF.Ctrls\XF.Ctrls\XF.Ctrls.csproj", "{7BA301D2-D8B1-42A2-A605-BF7EA868A0F8}"
EndProject
Global
	GlobalSection(SolutionConfigurationPlatforms) = preSolution
		Ad-Hoc|Any CPU = Ad-Hoc|Any CPU
		Ad-Hoc|iPhone = Ad-Hoc|iPhone
		Ad-Hoc|iPhoneSimulator = Ad-Hoc|iPhoneSimulator
		AppStore|Any CPU = AppStore|Any CPU
		AppStore|iPhone = AppStore|iPhone
		AppStore|iPhoneSimulator = AppStore|iPhoneSimulator
		Debug|Any CPU = Debug|Any CPU
		Debug|iPhone = Debug|iPhone
		Debug|iPhoneSimulator = Debug|iPhoneSimulator
		Release|Any CPU = Release|Any CPU
		Release|iPhone = Release|iPhone
		Release|iPhoneSimulator = Release|iPhoneSimulator
	EndGlobalSection
	GlobalSection(ProjectConfigurationPlatforms) = postSolution
		{7A2BA041-6115-4161-A7BD-8800760D4163}.Ad-Hoc|Any CPU.ActiveCfg = Release|Any CPU
		{7A2BA041-6115-4161-A7BD-8800760D4163}.Ad-Hoc|Any CPU.Build.0 = Release|Any CPU
		{7A2BA041-6115-4161-A7BD-8800760D4163}.Ad-Hoc|Any CPU.Deploy.0 = Release|Any CPU
		{7A2BA041-6115-4161-A7BD-8800760D4163}.Ad-Hoc|iPhone.ActiveCfg = Release|Any CPU
		{7A2BA041-6115-4161-A7BD-8800760D4163}.Ad-Hoc|iPhone.Build.0 = Release|Any CPU
		{7A2BA041-6115-4161-A7BD-8800760D4163}.Ad-Hoc|iPhone.Deploy.0 = Release|Any CPU
		{7A2BA041-6115-4161-A7BD-8800760D4163}.Ad-Hoc|iPhoneSimulator.ActiveCfg = Release|Any CPU
		{7A2BA041-6115-4161-A7BD-8800760D4163}.Ad-Hoc|iPhoneSimulator.Build.0 = Release|Any CPU
		{7A2BA041-6115-4161-A7BD-8800760D4163}.Ad-Hoc|iPhoneSimulator.Deploy.0 = Release|Any CPU
		{7A2BA041-6115-4161-A7BD-8800760D4163}.AppStore|Any CPU.ActiveCfg = Release|Any CPU
		{7A2BA041-6115-4161-A7BD-8800760D4163}.AppStore|Any CPU.Build.0 = Release|Any CPU
		{7A2BA041-6115-4161-A7BD-8800760D4163}.AppStore|Any CPU.Deploy.0 = Release|Any CPU
		{7A2BA041-6115-4161-A7BD-8800760D4163}.AppStore|iPhone.ActiveCfg = Release|Any CPU
		{7A2BA041-6115-4161-A7BD-8800760D4163}.AppStore|iPhone.Build.0 = Release|Any CPU
		{7A2BA041-6115-4161-A7BD-8800760D4163}.AppStore|iPhone.Deploy.0 = Release|Any CPU
		{7A2BA041-6115-4161-A7BD-8800760D4163}.AppStore|iPhoneSimulator.ActiveCfg = Release|Any CPU
		{7A2BA041-6115-4161-A7BD-8800760D4163}.AppStore|iPhoneSimulator.Build.0 = Release|Any CPU
		{7A2BA041-6115-4161-A7BD-8800760D4163}.AppStore|iPhoneSimulator.Deploy.0 = Release|Any CPU
		{7A2BA041-6115-4161-A7BD-8800760D4163}.Debug|Any CPU.ActiveCfg = Debug|Any CPU
		{7A2BA041-6115-4161-A7BD-8800760D4163}.Debug|Any CPU.Build.0 = Debug|Any CPU
		{7A2BA041-6115-4161-A7BD-8800760D4163}.Debug|Any CPU.Deploy.0 = Debug|Any CPU
		{7A2BA041-6115-4161-A7BD-8800760D4163}.Debug|iPhone.ActiveCfg = Debug|Any CPU
		{7A2BA041-6115-4161-A7BD-8800760D4163}.Debug|iPhone.Build.0 = Debug|Any CPU
		{7A2BA041-6115-4161-A7BD-8800760D4163}.Debug|iPhone.Deploy.0 = Debug|Any CPU
		{7A2BA041-6115-4161-A7BD-8800760D4163}.Debug|iPhoneSimulator.ActiveCfg = Debug|Any CPU
		{7A2BA041-6115-4161-A7BD-8800760D4163}.Debug|iPhoneSimulator.Build.0 = Debug|Any CPU
		{7A2BA041-6115-4161-A7BD-8800760D4163}.Debug|iPhoneSimulator.Deploy.0 = Debug|Any CPU
		{7A2BA041-6115-4161-A7BD-8800760D4163}.Release|Any CPU.ActiveCfg = Release|Any CPU
		{7A2BA041-6115-4161-A7BD-8800760D4163}.Release|Any CPU.Build.0 = Release|Any CPU
		{7A2BA041-6115-4161-A7BD-8800760D4163}.Release|Any CPU.Deploy.0 = Release|Any CPU
		{7A2BA041-6115-4161-A7BD-8800760D4163}.Release|iPhone.ActiveCfg = Release|Any CPU
		{7A2BA041-6115-4161-A7BD-8800760D4163}.Release|iPhone.Build.0 = Release|Any CPU
		{7A2BA041-6115-4161-A7BD-8800760D4163}.Release|iPhone.Deploy.0 = Release|Any CPU
		{7A2BA041-6115-4161-A7BD-8800760D4163}.Release|iPhoneSimulator.ActiveCfg = Release|Any CPU
		{7A2BA041-6115-4161-A7BD-8800760D4163}.Release|iPhoneSimulator.Build.0 = Release|Any CPU
		{7A2BA041-6115-4161-A7BD-8800760D4163}.Release|iPhoneSimulator.Deploy.0 = Release|Any CPU
		{B455F48B-7AD8-40F1-8F5C-8CD5817504FE}.Ad-Hoc|Any CPU.ActiveCfg = Ad-Hoc|iPhone
		{B455F48B-7AD8-40F1-8F5C-8CD5817504FE}.Ad-Hoc|Any CPU.Build.0 = Ad-Hoc|iPhone
		{B455F48B-7AD8-40F1-8F5C-8CD5817504FE}.Ad-Hoc|Any CPU.Deploy.0 = Ad-Hoc|iPhone
		{B455F48B-7AD8-40F1-8F5C-8CD5817504FE}.Ad-Hoc|iPhone.ActiveCfg = Ad-Hoc|iPhone
		{B455F48B-7AD8-40F1-8F5C-8CD5817504FE}.Ad-Hoc|iPhone.Build.0 = Ad-Hoc|iPhone
		{B455F48B-7AD8-40F1-8F5C-8CD5817504FE}.Ad-Hoc|iPhone.Deploy.0 = Ad-Hoc|iPhone
		{B455F48B-7AD8-40F1-8F5C-8CD5817504FE}.Ad-Hoc|iPhoneSimulator.ActiveCfg = Ad-Hoc|iPhoneSimulator
		{B455F48B-7AD8-40F1-8F5C-8CD5817504FE}.Ad-Hoc|iPhoneSimulator.Build.0 = Ad-Hoc|iPhoneSimulator
		{B455F48B-7AD8-40F1-8F5C-8CD5817504FE}.Ad-Hoc|iPhoneSimulator.Deploy.0 = Ad-Hoc|iPhoneSimulator
		{B455F48B-7AD8-40F1-8F5C-8CD5817504FE}.AppStore|Any CPU.ActiveCfg = AppStore|iPhone
		{B455F48B-7AD8-40F1-8F5C-8CD5817504FE}.AppStore|Any CPU.Build.0 = AppStore|iPhone
		{B455F48B-7AD8-40F1-8F5C-8CD5817504FE}.AppStore|Any CPU.Deploy.0 = AppStore|iPhone
		{B455F48B-7AD8-40F1-8F5C-8CD5817504FE}.AppStore|iPhone.ActiveCfg = AppStore|iPhone
		{B455F48B-7AD8-40F1-8F5C-8CD5817504FE}.AppStore|iPhone.Build.0 = AppStore|iPhone
		{B455F48B-7AD8-40F1-8F5C-8CD5817504FE}.AppStore|iPhone.Deploy.0 = AppStore|iPhone
		{B455F48B-7AD8-40F1-8F5C-8CD5817504FE}.AppStore|iPhoneSimulator.ActiveCfg = AppStore|iPhoneSimulator
		{B455F48B-7AD8-40F1-8F5C-8CD5817504FE}.AppStore|iPhoneSimulator.Build.0 = AppStore|iPhoneSimulator
		{B455F48B-7AD8-40F1-8F5C-8CD5817504FE}.AppStore|iPhoneSimulator.Deploy.0 = AppStore|iPhoneSimulator
		{B455F48B-7AD8-40F1-8F5C-8CD5817504FE}.Debug|Any CPU.ActiveCfg = Debug|iPhoneSimulator
		{B455F48B-7AD8-40F1-8F5C-8CD5817504FE}.Debug|Any CPU.Build.0 = Debug|iPhoneSimulator
		{B455F48B-7AD8-40F1-8F5C-8CD5817504FE}.Debug|Any CPU.Deploy.0 = Debug|iPhoneSimulator
		{B455F48B-7AD8-40F1-8F5C-8CD5817504FE}.Debug|iPhone.ActiveCfg = Debug|iPhone
		{B455F48B-7AD8-40F1-8F5C-8CD5817504FE}.Debug|iPhone.Build.0 = Debug|iPhone
		{B455F48B-7AD8-40F1-8F5C-8CD5817504FE}.Debug|iPhone.Deploy.0 = Debug|iPhone
		{B455F48B-7AD8-40F1-8F5C-8CD5817504FE}.Debug|iPhoneSimulator.ActiveCfg = Debug|iPhoneSimulator
		{B455F48B-7AD8-40F1-8F5C-8CD5817504FE}.Debug|iPhoneSimulator.Build.0 = Debug|iPhoneSimulator
		{B455F48B-7AD8-40F1-8F5C-8CD5817504FE}.Debug|iPhoneSimulator.Deploy.0 = Debug|iPhoneSimulator
		{B455F48B-7AD8-40F1-8F5C-8CD5817504FE}.Release|Any CPU.ActiveCfg = Release|iPhone
		{B455F48B-7AD8-40F1-8F5C-8CD5817504FE}.Release|Any CPU.Build.0 = Release|iPhone
		{B455F48B-7AD8-40F1-8F5C-8CD5817504FE}.Release|Any CPU.Deploy.0 = Release|iPhone
		{B455F48B-7AD8-40F1-8F5C-8CD5817504FE}.Release|iPhone.ActiveCfg = Release|iPhone
		{B455F48B-7AD8-40F1-8F5C-8CD5817504FE}.Release|iPhone.Build.0 = Release|iPhone
		{B455F48B-7AD8-40F1-8F5C-8CD5817504FE}.Release|iPhone.Deploy.0 = Release|iPhone
		{B455F48B-7AD8-40F1-8F5C-8CD5817504FE}.Release|iPhoneSimulator.ActiveCfg = Release|iPhoneSimulator
		{B455F48B-7AD8-40F1-8F5C-8CD5817504FE}.Release|iPhoneSimulator.Build.0 = Release|iPhoneSimulator
		{B455F48B-7AD8-40F1-8F5C-8CD5817504FE}.Release|iPhoneSimulator.Deploy.0 = Release|iPhoneSimulator
		{7BA301D2-D8B1-42A2-A605-BF7EA868A0F8}.Ad-Hoc|Any CPU.ActiveCfg = Debug|Any CPU
		{7BA301D2-D8B1-42A2-A605-BF7EA868A0F8}.Ad-Hoc|Any CPU.Build.0 = Debug|Any CPU
		{7BA301D2-D8B1-42A2-A605-BF7EA868A0F8}.Ad-Hoc|Any CPU.Deploy.0 = Debug|Any CPU
		{7BA301D2-D8B1-42A2-A605-BF7EA868A0F8}.Ad-Hoc|iPhone.ActiveCfg = Debug|Any CPU
		{7BA301D2-D8B1-42A2-A605-BF7EA868A0F8}.Ad-Hoc|iPhone.Build.0 = Debug|Any CPU
		{7BA301D2-D8B1-42A2-A605-BF7EA868A0F8}.Ad-Hoc|iPhone.Deploy.0 = Debug|Any CPU
		{7BA301D2-D8B1-42A2-A605-BF7EA868A0F8}.Ad-Hoc|iPhoneSimulator.ActiveCfg = Debug|Any CPU
		{7BA301D2-D8B1-42A2-A605-BF7EA868A0F8}.Ad-Hoc|iPhoneSimulator.Build.0 = Debug|Any CPU
		{7BA301D2-D8B1-42A2-A605-BF7EA868A0F8}.Ad-Hoc|iPhoneSimulator.Deploy.0 = Debug|Any CPU
		{7BA301D2-D8B1-42A2-A605-BF7EA868A0F8}.AppStore|Any CPU.ActiveCfg = Debug|Any CPU
		{7BA301D2-D8B1-42A2-A605-BF7EA868A0F8}.AppStore|Any CPU.Build.0 = Debug|Any CPU
		{7BA301D2-D8B1-42A2-A605-BF7EA868A0F8}.AppStore|Any CPU.Deploy.0 = Debug|Any CPU
		{7BA301D2-D8B1-42A2-A605-BF7EA868A0F8}.AppStore|iPhone.ActiveCfg = Debug|Any CPU
		{7BA301D2-D8B1-42A2-A605-BF7EA868A0F8}.AppStore|iPhone.Build.0 = Debug|Any CPU
		{7BA301D2-D8B1-42A2-A605-BF7EA868A0F8}.AppStore|iPhone.Deploy.0 = Debug|Any CPU
		{7BA301D2-D8B1-42A2-A605-BF7EA868A0F8}.AppStore|iPhoneSimulator.ActiveCfg = Debug|Any CPU
		{7BA301D2-D8B1-42A2-A605-BF7EA868A0F8}.AppStore|iPhoneSimulator.Build.0 = Debug|Any CPU
		{7BA301D2-D8B1-42A2-A605-BF7EA868A0F8}.AppStore|iPhoneSimulator.Deploy.0 = Debug|Any CPU
		{7BA301D2-D8B1-42A2-A605-BF7EA868A0F8}.Debug|Any CPU.ActiveCfg = Debug|Any CPU
		{7BA301D2-D8B1-42A2-A605-BF7EA868A0F8}.Debug|Any CPU.Build.0 = Debug|Any CPU
		{7BA301D2-D8B1-42A2-A605-BF7EA868A0F8}.Debug|Any CPU.Deploy.0 = Debug|Any CPU
		{7BA301D2-D8B1-42A2-A605-BF7EA868A0F8}.Debug|iPhone.ActiveCfg = Debug|Any CPU
		{7BA301D2-D8B1-42A2-A605-BF7EA868A0F8}.Debug|iPhone.Build.0 = Debug|Any CPU
		{7BA301D2-D8B1-42A2-A605-BF7EA868A0F8}.Debug|iPhone.Deploy.0 = Debug|Any CPU
		{7BA301D2-D8B1-42A2-A605-BF7EA868A0F8}.Debug|iPhoneSimulator.ActiveCfg = Debug|Any CPU
		{7BA301D2-D8B1-42A2-A605-BF7EA868A0F8}.Debug|iPhoneSimulator.Build.0 = Debug|Any CPU
		{7BA301D2-D8B1-42A2-A605-BF7EA868A0F8}.Debug|iPhoneSimulator.Deploy.0 = Debug|Any CPU
		{7BA301D2-D8B1-42A2-A605-BF7EA868A0F8}.Release|Any CPU.ActiveCfg = Release|Any CPU
		{7BA301D2-D8B1-42A2-A605-BF7EA868A0F8}.Release|Any CPU.Build.0 = Release|Any CPU
		{7BA301D2-D8B1-42A2-A605-BF7EA868A0F8}.Release|Any CPU.Deploy.0 = Release|Any CPU
		{7BA301D2-D8B1-42A2-A605-BF7EA868A0F8}.Release|iPhone.ActiveCfg = Release|Any CPU
		{7BA301D2-D8B1-42A2-A605-BF7EA868A0F8}.Release|iPhone.Build.0 = Release|Any CPU
		{7BA301D2-D8B1-42A2-A605-BF7EA868A0F8}.Release|iPhone.Deploy.0 = Release|Any CPU
		{7BA301D2-D8B1-42A2-A605-BF7EA868A0F8}.Release|iPhoneSimulator.ActiveCfg = Release|Any CPU
		{7BA301D2-D8B1-42A2-A605-BF7EA868A0F8}.Release|iPhoneSimulator.Build.0 = Release|Any CPU
		{7BA301D2-D8B1-42A2-A605-BF7EA868A0F8}.Release|iPhoneSimulator.Deploy.0 = Release|Any CPU
	EndGlobalSection
	GlobalSection(SolutionProperties) = preSolution
		HideSolutionNode = FALSE
	EndGlobalSection
	GlobalSection(ExtensibilityGlobals) = postSolution
		SolutionGuid = {879521B2-B554-48F5-A5DE-531B2626DF47}
	EndGlobalSection
EndGlobal
